
Microsoft Visual Studio Solution File, Format Version 12.00
# Visual Studio 15
VisualStudioVersion = 15.0.28307.329
MinimumVisualStudioVersion = 10.0.40219.1
Project("{FAE04EC0-301F-11D3-BF4B-00C04F79EFBC}") = "WPFBrowserApplicationSample", "WPFBrowserApplicationSample\WPFBrowserApplicationSample.csproj", "{C1CE9CA6-AB26-4390-8DA4-D5E6A38EC564}"
EndProject
Global
	GlobalSection(SolutionConfigurationPlatforms) = preSolution
		Debug|Any CPU = Debug|Any CPU
		Release|Any CPU = Release|Any CPU
	EndGlobalSection
	GlobalSection(ProjectConfigurationPlatforms) = postSolution
		{C1CE9CA6-AB26-4390-8DA4-D5E6A38EC564}.Debug|Any CPU.ActiveCfg = Debug|Any CPU
		{C1CE9CA6-AB26-4390-8DA4-D5E6A38EC564}.Debug|Any CPU.Build.0 = Debug|Any CPU
		{C1CE9CA6-AB26-4390-8DA4-D5E6A38EC564}.Release|Any CPU.ActiveCfg = Release|Any CPU
		{C1CE9CA6-AB26-4390-8DA4-D5E6A38EC564}.Release|Any CPU.Build.0 = Release|Any CPU
	EndGlobalSection
	GlobalSection(SolutionProperties) = preSolution
		HideSolutionNode = FALSE
	EndGlobalSection
	GlobalSection(ExtensibilityGlobals) = postSolution
		SolutionGuid = {56163314-0F1A-452E-9D24-C02DA3FC5BB4}
	EndGlobalSection
EndGlobal
